
Microsoft Visual Studio Solution File, Format Version 12.00
# Visual Studio Version 17
VisualStudioVersion = 17.14.37111.16
MinimumVisualStudioVersion = 10.0.40219.1
Project("{2150E333-8FDC-42A3-9474-1A3956D46DE8}") = "src", "src", "{02EA681E-C7D8-13C7-8484-4AC65E1B71E8}"
EndProject
Project("{2150E333-8FDC-42A3-9474-1A3956D46DE8}") = "test", "test", "{A03B6BBD-6B57-4179-8DB5-F09B02E47DB6}"
EndProject
Project("{2150E333-8FDC-42A3-9474-1A3956D46DE8}") = "API", "API", "{7A1E6761-890D-4398-912D-DF1D19D43D88}"
EndProject
Project("{2150E333-8FDC-42A3-9474-1A3956D46DE8}") = "Common", "Common", "{76266329-3D7D-4CEA-8FE7-B98C1288A8FD}"
EndProject
Project("{2150E333-8FDC-42A3-9474-1A3956D46DE8}") = "Modules", "Modules", "{F50CCB25-572C-4575-A1ED-CB39B911F3FE}"
EndProject
Project("{2150E333-8FDC-42A3-9474-1A3956D46DE8}") = "Tools", "Tools", "{D8FE47AD-0524-4A92-A59B-91751412AE73}"
EndProject
Project("{FAE04EC0-301F-11D3-BF4B-00C04F79EFBC}") = "DropUz.Api", "src\Api\DropUz.Api\DropUz.Api.csproj", "{4505E45C-7F38-48EC-9F17-835793B18149}"
EndProject
Project("{FAE04EC0-301F-11D3-BF4B-00C04F79EFBC}") = "DropUz.Common.Application", "src\Common\DropUz.Common.Application\DropUz.Common.Application.csproj", "{465B22BD-EB42-4121-AE81-3D085D80D07C}"
EndProject
Project("{FAE04EC0-301F-11D3-BF4B-00C04F79EFBC}") = "DropUz.Common.Domain", "src\Common\DropUz.Common.Domain\DropUz.Common.Domain.csproj", "{BF7E97C6-9B8C-4611-9791-506EE80E6FAD}"
EndProject
Project("{FAE04EC0-301F-11D3-BF4B-00C04F79EFBC}") = "DropUz.Common.Infrastructure", "src\Common\DropUz.Common.Infrastructure\DropUz.Common.Infrastructure.csproj", "{757E8C9F-7395-4463-B233-322A94036E86}"
EndProject
Project("{FAE04EC0-301F-11D3-BF4B-00C04F79EFBC}") = "DropUz.Common.Presentation", "src\Common\DropUz.Common.Presentation\DropUz.Common.Presentation.csproj", "{8A5AC1AC-6560-4DB7-BC1C-19B0210363A4}"
EndProject
Project("{FAE04EC0-301F-11D3-BF4B-00C04F79EFBC}") = "DropUz.Tools.DbMigrator", "src\Tools\DropUz.Tools.DbMigrator\DropUz.Tools.DbMigrator.csproj", "{E2F4767E-E026-495C-800A-54ADE26BFC9A}"
EndProject
Project("{2150E333-8FDC-42A3-9474-1A3956D46DE8}") = "Identity", "Identity", "{CA2CBB9D-E875-984E-979C-81A7386F1CAE}"
EndProject
Project("{FAE04EC0-301F-11D3-BF4B-00C04F79EFBC}") = "DropUz.Modules.Identity.Domain", "src\Modules\Identity\DropUz.Modules.Identity.Domain\DropUz.Modules.Identity.Domain.csproj", "{EF93F2E2-875E-48D4-9645-5EBFD88AF226}"
EndProject
Project("{FAE04EC0-301F-11D3-BF4B-00C04F79EFBC}") = "DropUz.Modules.Identity.Application", "src\Modules\Identity\DropUz.Modules.Identity.Application\DropUz.Modules.Identity.Application.csproj", "{5917E281-6624-44F5-AF26-1FC9FEB40DC5}"
EndProject
Project("{FAE04EC0-301F-11D3-BF4B-00C04F79EFBC}") = "DropUz.Modules.Identity.Presentation", "src\Modules\Identity\DropUz.Modules.Identity.Presentation\DropUz.Modules.Identity.Presentation.csproj", "{A45EEE40-E103-458D-B353-53F17C93BFA2}"
EndProject
Project("{FAE04EC0-301F-11D3-BF4B-00C04F79EFBC}") = "DropUz.Modules.Identity.Infrastructure", "src\Modules\Identity\DropUz.Modules.Identity.Infrastructure\DropUz.Modules.Identity.Infrastructure.csproj", "{86025050-E06F-4102-A2DB-2B70EED30256}"
EndProject
Project("{2150E333-8FDC-42A3-9474-1A3956D46DE8}") = "Catalog", "Catalog", "{576D1A02-8B64-A460-4AAA-7573A146D8F2}"
EndProject
Project("{FAE04EC0-301F-11D3-BF4B-00C04F79EFBC}") = "DropUz.Modules.Catalog.Domain", "src\Modules\Catalog\DropUz.Modules.Catalog.Domain\DropUz.Modules.Catalog.Domain.csproj", "{F2ED21B7-82FD-44D3-9D24-465452219305}"
EndProject
Project("{FAE04EC0-301F-11D3-BF4B-00C04F79EFBC}") = "DropUz.Modules.Catalog.Application", "src\Modules\Catalog\DropUz.Modules.Catalog.Application\DropUz.Modules.Catalog.Application.csproj", "{53136B2B-CD27-4A00-8540-99F246E88575}"
EndProject
Project("{FAE04EC0-301F-11D3-BF4B-00C04F79EFBC}") = "DropUz.Modules.Catalog.Infrastructure", "src\Modules\Catalog\DropUz.Modules.Catalog.Infrastructure\DropUz.Modules.Catalog.Infrastructure.csproj", "{AE4F5446-3D95-4BF9-9D14-ECDD3A36D8C7}"
EndProject
Project("{FAE04EC0-301F-11D3-BF4B-00C04F79EFBC}") = "DropUz.Modules.Catalog.Presentation", "src\Modules\Catalog\DropUz.Modules.Catalog.Presentation\DropUz.Modules.Catalog.Presentation.csproj", "{0C60059F-0F57-455F-BAF2-1596C9AFFB9E}"
EndProject
Project("{2150E333-8FDC-42A3-9474-1A3956D46DE8}") = "Sellers", "Sellers", "{AAD69436-80B1-D4BA-E28E-12AB77712CF2}"
EndProject
Project("{FAE04EC0-301F-11D3-BF4B-00C04F79EFBC}") = "DropUz.Modules.Sellers.Domain", "src\Modules\Sellers\DropUz.Modules.Sellers.Domain\DropUz.Modules.Sellers.Domain.csproj", "{AA7C6937-55D3-447B-B7F7-38CC05C0C633}"
EndProject
Project("{FAE04EC0-301F-11D3-BF4B-00C04F79EFBC}") = "DropUz.Modules.Sellers.Application", "src\Modules\Sellers\DropUz.Modules.Sellers.Application\DropUz.Modules.Sellers.Application.csproj", "{56694FEA-1E17-4B38-91D8-79DD901CBD93}"
EndProject
Project("{FAE04EC0-301F-11D3-BF4B-00C04F79EFBC}") = "DropUz.Modules.Sellers.Infrastructure", "src\Modules\Sellers\DropUz.Modules.Sellers.Infrastructure\DropUz.Modules.Sellers.Infrastructure.csproj", "{77E74B09-9BA7-45A0-9E58-1708573124D1}"
EndProject
Project("{FAE04EC0-301F-11D3-BF4B-00C04F79EFBC}") = "DropUz.Modules.Sellers.Presentation", "src\Modules\Sellers\DropUz.Modules.Sellers.Presentation\DropUz.Modules.Sellers.Presentation.csproj", "{7B148E47-4636-4E91-8BEE-BC3D1A56213A}"
EndProject
Project("{2150E333-8FDC-42A3-9474-1A3956D46DE8}") = "Cart", "Cart", "{421E00CC-017F-2C63-408B-7B04811CFE22}"
EndProject
Project("{FAE04EC0-301F-11D3-BF4B-00C04F79EFBC}") = "DropUz.Modules.Cart.Domain", "src\Modules\Cart\DropUz.Modules.Cart.Domain\DropUz.Modules.Cart.Domain.csproj", "{169DABCD-D78E-4DC7-BB15-6C98358153E6}"
EndProject
Project("{FAE04EC0-301F-11D3-BF4B-00C04F79EFBC}") = "DropUz.Modules.Cart.Application", "src\Modules\Cart\DropUz.Modules.Cart.Application\DropUz.Modules.Cart.Application.csproj", "{0A252C2B-3BAC-4B3B-AC67-3A6D4127A091}"
EndProject
Project("{FAE04EC0-301F-11D3-BF4B-00C04F79EFBC}") = "DropUz.Modules.Cart.Infrastructure", "src\Modules\Cart\DropUz.Modules.Cart.Infrastructure\DropUz.Modules.Cart.Infrastructure.csproj", "{4FE06FF7-BB9B-4FED-AEA9-2925E27C6459}"
EndProject
Project("{FAE04EC0-301F-11D3-BF4B-00C04F79EFBC}") = "DropUz.Modules.Cart.Presentation", "src\Modules\Cart\DropUz.Modules.Cart.Presentation\DropUz.Modules.Cart.Presentation.csproj", "{9B19F8D3-B975-4470-A621-E6A8E0C19DF3}"
EndProject
Project("{2150E333-8FDC-42A3-9474-1A3956D46DE8}") = "Orders", "Orders", "{ECD0D7D1-8BCE-02B4-A2CC-3F8FEA76BD85}"
EndProject
Project("{FAE04EC0-301F-11D3-BF4B-00C04F79EFBC}") = "DropUz.Modules.Orders.Domain", "src\Modules\Orders\DropUz.Modules.Orders.Domain\DropUz.Modules.Orders.Domain.csproj", "{85CA128D-6400-4DB5-AA98-37DEF418E85E}"
EndProject
Project("{FAE04EC0-301F-11D3-BF4B-00C04F79EFBC}") = "DropUz.Modules.Orders.Application", "src\Modules\Orders\DropUz.Modules.Orders.Application\DropUz.Modules.Orders.Application.csproj", "{25268AEE-40EA-4C6A-A73A-AD0181F0D0C2}"
EndProject
Project("{FAE04EC0-301F-11D3-BF4B-00C04F79EFBC}") = "DropUz.Modules.Orders.Infrastructure", "src\Modules\Orders\DropUz.Modules.Orders.Infrastructure\DropUz.Modules.Orders.Infrastructure.csproj", "{2897E33E-A3E1-4D8D-B34B-05A9D2FD0F77}"
EndProject
Project("{FAE04EC0-301F-11D3-BF4B-00C04F79EFBC}") = "DropUz.Modules.Orders.Presentation", "src\Modules\Orders\DropUz.Modules.Orders.Presentation\DropUz.Modules.Orders.Presentation.csproj", "{19712FF8-175E-418F-A512-764EEE8EF70C}"
EndProject
Project("{2150E333-8FDC-42A3-9474-1A3956D46DE8}") = "Payments", "Payments", "{4821F8A2-B660-82BD-415B-33917DE557CF}"
EndProject
Project("{FAE04EC0-301F-11D3-BF4B-00C04F79EFBC}") = "DropUz.Modules.Payments.Domain", "src\Modules\Payments\DropUz.Modules.Payments.Domain\DropUz.Modules.Payments.Domain.csproj", "{1AE22CB7-146D-4000-9CB0-BC786737FB68}"
EndProject
Project("{FAE04EC0-301F-11D3-BF4B-00C04F79EFBC}") = "DropUz.Modules.Payments.Application", "src\Modules\Payments\DropUz.Modules.Payments.Application\DropUz.Modules.Payments.Application.csproj", "{FD698F58-CDBF-4C4F-96F2-138CB83F5B4F}"
EndProject
Project("{FAE04EC0-301F-11D3-BF4B-00C04F79EFBC}") = "DropUz.Modules.Payments.Infrastructure", "src\Modules\Payments\DropUz.Modules.Payments.Infrastructure\DropUz.Modules.Payments.Infrastructure.csproj", "{3E667AF3-64C4-4B18-8FBE-0C93C0D8A28B}"
EndProject
Project("{FAE04EC0-301F-11D3-BF4B-00C04F79EFBC}") = "DropUz.Modules.Payments.Presentation", "src\Modules\Payments\DropUz.Modules.Payments.Presentation\DropUz.Modules.Payments.Presentation.csproj", "{3E1DD333-697C-47FB-B1B5-A56FC5C0A755}"
EndProject
Project("{2150E333-8FDC-42A3-9474-1A3956D46DE8}") = "Cargo", "Cargo", "{02675891-29E1-66C1-2C2C-49545A60C612}"
EndProject
Project("{FAE04EC0-301F-11D3-BF4B-00C04F79EFBC}") = "DropUz.Modules.Cargo.Domain", "src\Modules\Cargo\DropUz.Modules.Cargo.Domain\DropUz.Modules.Cargo.Domain.csproj", "{957EABC7-313F-43D1-BE5E-6AC0740BBAF7}"
EndProject
Project("{FAE04EC0-301F-11D3-BF4B-00C04F79EFBC}") = "DropUz.Modules.Cargo.Application", "src\Modules\Cargo\DropUz.Modules.Cargo.Application\DropUz.Modules.Cargo.Application.csproj", "{C1DA9F50-1DAB-4248-8D3C-F6E537260F6D}"
EndProject
Project("{FAE04EC0-301F-11D3-BF4B-00C04F79EFBC}") = "DropUz.Modules.Cargo.Infrastructure", "src\Modules\Cargo\DropUz.Modules.Cargo.Infrastructure\DropUz.Modules.Cargo.Infrastructure.csproj", "{72447175-53D4-4D65-B758-51AA26CA661C}"
EndProject
Project("{FAE04EC0-301F-11D3-BF4B-00C04F79EFBC}") = "DropUz.Modules.Cargo.Presentation", "src\Modules\Cargo\DropUz.Modules.Cargo.Presentation\DropUz.Modules.Cargo.Presentation.csproj", "{D55E9677-B576-4842-A39E-B37F7460B6BA}"
EndProject
Project("{2150E333-8FDC-42A3-9474-1A3956D46DE8}") = "Notifications", "Notifications", "{C2AB2DB8-D7DE-AF2F-8F7B-2F43C47545FF}"
EndProject
Project("{FAE04EC0-301F-11D3-BF4B-00C04F79EFBC}") = "DropUz.Modules.Notifications.Domain", "src\Modules\Notifications\DropUz.Modules.Notifications.Domain\DropUz.Modules.Notifications.Domain.csproj", "{AF7CC7B0-B171-4564-8357-2BDC215E69DF}"
EndProject
Project("{FAE04EC0-301F-11D3-BF4B-00C04F79EFBC}") = "DropUz.Modules.Notifications.Application", "src\Modules\Notifications\DropUz.Modules.Notifications.Application\DropUz.Modules.Notifications.Application.csproj", "{7AA1F86F-020F-4DB2-88BD-E8DD6F0167E7}"
EndProject
Project("{FAE04EC0-301F-11D3-BF4B-00C04F79EFBC}") = "DropUz.Modules.Notifications.Infrastructure", "src\Modules\Notifications\DropUz.Modules.Notifications.Infrastructure\DropUz.Modules.Notifications.Infrastructure.csproj", "{D961FCE9-169B-4E9E-8216-EFC2118A5987}"
EndProject
Project("{FAE04EC0-301F-11D3-BF4B-00C04F79EFBC}") = "DropUz.Modules.Notifications.Presentation", "src\Modules\Notifications\DropUz.Modules.Notifications.Presentation\DropUz.Modules.Notifications.Presentation.csproj", "{ECFD5385-B3D8-440B-984E-A625EAB20F78}"
EndProject
Project("{2150E333-8FDC-42A3-9474-1A3956D46DE8}") = "Admin", "Admin", "{0F8D34EA-BCA3-8A5A-FBEC-32F8F4B139BD}"
EndProject
Project("{FAE04EC0-301F-11D3-BF4B-00C04F79EFBC}") = "DropUz.Modules.Admin.Domain", "src\Modules\Admin\DropUz.Modules.Admin.Domain\DropUz.Modules.Admin.Domain.csproj", "{A59C6610-8121-4EEF-BA5A-2939CD026F29}"
EndProject
Project("{FAE04EC0-301F-11D3-BF4B-00C04F79EFBC}") = "DropUz.Modules.Admin.Application", "src\Modules\Admin\DropUz.Modules.Admin.Application\DropUz.Modules.Admin.Application.csproj", "{D4FDC310-6A4C-4447-918E-FCFFF98EFDE3}"
EndProject
Project("{FAE04EC0-301F-11D3-BF4B-00C04F79EFBC}") = "DropUz.Modules.Admin.Infrastructure", "src\Modules\Admin\DropUz.Modules.Admin.Infrastructure\DropUz.Modules.Admin.Infrastructure.csproj", "{4DA3BE5B-CDB6-4751-9D3A-014B30490EC7}"
EndProject
Project("{FAE04EC0-301F-11D3-BF4B-00C04F79EFBC}") = "DropUz.Modules.Admin.Presentation", "src\Modules\Admin\DropUz.Modules.Admin.Presentation\DropUz.Modules.Admin.Presentation.csproj", "{13908F06-68E2-4055-AADF-4D44E34439B8}"
EndProject
Project("{E53339B2-1760-4266-BCC7-CA923CBCF16C}") = "docker-compose", "docker-compose.dcproj", "{81DDED9D-158B-E303-5F62-77A2896D2A5A}"
EndProject
Global
	GlobalSection(SolutionConfigurationPlatforms) = preSolution
		Debug|Any CPU = Debug|Any CPU
		Debug|x64 = Debug|x64
		Debug|x86 = Debug|x86
		Release|Any CPU = Release|Any CPU
		Release|x64 = Release|x64
		Release|x86 = Release|x86
	EndGlobalSection
	GlobalSection(ProjectConfigurationPlatforms) = postSolution
		{4505E45C-7F38-48EC-9F17-835793B18149}.Debug|Any CPU.ActiveCfg = Debug|Any CPU
		{4505E45C-7F38-48EC-9F17-835793B18149}.Debug|Any CPU.Build.0 = Debug|Any CPU
		{4505E45C-7F38-48EC-9F17-835793B18149}.Debug|x64.ActiveCfg = Debug|Any CPU
		{4505E45C-7F38-48EC-9F17-835793B18149}.Debug|x64.Build.0 = Debug|Any CPU
		{4505E45C-7F38-48EC-9F17-835793B18149}.Debug|x86.ActiveCfg = Debug|Any CPU
		{4505E45C-7F38-48EC-9F17-835793B18149}.Debug|x86.Build.0 = Debug|Any CPU
		{4505E45C-7F38-48EC-9F17-835793B18149}.Release|Any CPU.ActiveCfg = Release|Any CPU
		{4505E45C-7F38-48EC-9F17-835793B18149}.Release|Any CPU.Build.0 = Release|Any CPU
		{4505E45C-7F38-48EC-9F17-835793B18149}.Release|x64.ActiveCfg = Release|Any CPU
		{4505E45C-7F38-48EC-9F17-835793B18149}.Release|x64.Build.0 = Release|Any CPU
		{4505E45C-7F38-48EC-9F17-835793B18149}.Release|x86.ActiveCfg = Release|Any CPU
		{4505E45C-7F38-48EC-9F17-835793B18149}.Release|x86.Build.0 = Release|Any CPU
		{465B22BD-EB42-4121-AE81-3D085D80D07C}.Debug|Any CPU.ActiveCfg = Debug|Any CPU
		{465B22BD-EB42-4121-AE81-3D085D80D07C}.Debug|Any CPU.Build.0 = Debug|Any CPU
		{465B22BD-EB42-4121-AE81-3D085D80D07C}.Debug|x64.ActiveCfg = Debug|Any CPU
		{465B22BD-EB42-4121-AE81-3D085D80D07C}.Debug|x64.Build.0 = Debug|Any CPU
		{465B22BD-EB42-4121-AE81-3D085D80D07C}.Debug|x86.ActiveCfg = Debug|Any CPU
		{465B22BD-EB42-4121-AE81-3D085D80D07C}.Debug|x86.Build.0 = Debug|Any CPU
		{465B22BD-EB42-4121-AE81-3D085D80D07C}.Release|Any CPU.ActiveCfg = Release|Any CPU
		{465B22BD-EB42-4121-AE81-3D085D80D07C}.Release|Any CPU.Build.0 = Release|Any CPU
		{465B22BD-EB42-4121-AE81-3D085D80D07C}.Release|x64.ActiveCfg = Release|Any CPU
		{465B22BD-EB42-4121-AE81-3D085D80D07C}.Release|x64.Build.0 = Release|Any CPU
		{465B22BD-EB42-4121-AE81-3D085D80D07C}.Release|x86.ActiveCfg = Release|Any CPU
		{465B22BD-EB42-4121-AE81-3D085D80D07C}.Release|x86.Build.0 = Release|Any CPU
		{BF7E97C6-9B8C-4611-9791-506EE80E6FAD}.Debug|Any CPU.ActiveCfg = Debug|Any CPU
		{BF7E97C6-9B8C-4611-9791-506EE80E6FAD}.Debug|Any CPU.Build.0 = Debug|Any CPU
		{BF7E97C6-9B8C-4611-9791-506EE80E6FAD}.Debug|x64.ActiveCfg = Debug|Any CPU
		{BF7E97C6-9B8C-4611-9791-506EE80E6FAD}.Debug|x64.Build.0 = Debug|Any CPU
		{BF7E97C6-9B8C-4611-9791-506EE80E6FAD}.Debug|x86.ActiveCfg = Debug|Any CPU
		{BF7E97C6-9B8C-4611-9791-506EE80E6FAD}.Debug|x86.Build.0 = Debug|Any CPU
		{BF7E97C6-9B8C-4611-9791-506EE80E6FAD}.Release|Any CPU.ActiveCfg = Release|Any CPU
		{BF7E97C6-9B8C-4611-9791-506EE80E6FAD}.Release|Any CPU.Build.0 = Release|Any CPU
		{BF7E97C6-9B8C-4611-9791-506EE80E6FAD}.Release|x64.ActiveCfg = Release|Any CPU
		{BF7E97C6-9B8C-4611-9791-506EE80E6FAD}.Release|x64.Build.0 = Release|Any CPU
		{BF7E97C6-9B8C-4611-9791-506EE80E6FAD}.Release|x86.ActiveCfg = Release|Any CPU
		{BF7E97C6-9B8C-4611-9791-506EE80E6FAD}.Release|x86.Build.0 = Release|Any CPU
		{757E8C9F-7395-4463-B233-322A94036E86}.Debug|Any CPU.ActiveCfg = Debug|Any CPU
		{757E8C9F-7395-4463-B233-322A94036E86}.Debug|Any CPU.Build.0 = Debug|Any CPU
		{757E8C9F-7395-4463-B233-322A94036E86}.Debug|x64.ActiveCfg = Debug|Any CPU
		{757E8C9F-7395-4463-B233-322A94036E86}.Debug|x64.Build.0 = Debug|Any CPU
		{757E8C9F-7395-4463-B233-322A94036E86}.Debug|x86.ActiveCfg = Debug|Any CPU
		{757E8C9F-7395-4463-B233-322A94036E86}.Debug|x86.Build.0 = Debug|Any CPU
		{757E8C9F-7395-4463-B233-322A94036E86}.Release|Any CPU.ActiveCfg = Release|Any CPU
		{757E8C9F-7395-4463-B233-322A94036E86}.Release|Any CPU.Build.0 = Release|Any CPU
		{757E8C9F-7395-4463-B233-322A94036E86}.Release|x64.ActiveCfg = Release|Any CPU
		{757E8C9F-7395-4463-B233-322A94036E86}.Release|x64.Build.0 = Release|Any CPU
		{757E8C9F-7395-4463-B233-322A94036E86}.Release|x86.ActiveCfg = Release|Any CPU
		{757E8C9F-7395-4463-B233-322A94036E86}.Release|x86.Build.0 = Release|Any CPU
		{8A5AC1AC-6560-4DB7-BC1C-19B0210363A4}.Debug|Any CPU.ActiveCfg = Debug|Any CPU
		{8A5AC1AC-6560-4DB7-BC1C-19B0210363A4}.Debug|Any CPU.Build.0 = Debug|Any CPU
		{8A5AC1AC-6560-4DB7-BC1C-19B0210363A4}.Debug|x64.ActiveCfg = Debug|Any CPU
		{8A5AC1AC-6560-4DB7-BC1C-19B0210363A4}.Debug|x64.Build.0 = Debug|Any CPU
		{8A5AC1AC-6560-4DB7-BC1C-19B0210363A4}.Debug|x86.ActiveCfg = Debug|Any CPU
		{8A5AC1AC-6560-4DB7-BC1C-19B0210363A4}.Debug|x86.Build.0 = Debug|Any CPU
		{8A5AC1AC-6560-4DB7-BC1C-19B0210363A4}.Release|Any CPU.ActiveCfg = Release|Any CPU
		{8A5AC1AC-6560-4DB7-BC1C-19B0210363A4}.Release|Any CPU.Build.0 = Release|Any CPU
		{8A5AC1AC-6560-4DB7-BC1C-19B0210363A4}.Release|x64.ActiveCfg = Release|Any CPU
		{8A5AC1AC-6560-4DB7-BC1C-19B0210363A4}.Release|x64.Build.0 = Release|Any CPU
		{8A5AC1AC-6560-4DB7-BC1C-19B0210363A4}.Release|x86.ActiveCfg = Release|Any CPU
		{8A5AC1AC-6560-4DB7-BC1C-19B0210363A4}.Release|x86.Build.0 = Release|Any CPU
		{E2F4767E-E026-495C-800A-54ADE26BFC9A}.Debug|Any CPU.ActiveCfg = Debug|Any CPU
		{E2F4767E-E026-495C-800A-54ADE26BFC9A}.Debug|Any CPU.Build.0 = Debug|Any CPU
		{E2F4767E-E026-495C-800A-54ADE26BFC9A}.Debug|x64.ActiveCfg = Debug|Any CPU
		{E2F4767E-E026-495C-800A-54ADE26BFC9A}.Debug|x64.Build.0 = Debug|Any CPU
		{E2F4767E-E026-495C-800A-54ADE26BFC9A}.Debug|x86.ActiveCfg = Debug|Any CPU
		{E2F4767E-E026-495C-800A-54ADE26BFC9A}.Debug|x86.Build.0 = Debug|Any CPU
		{E2F4767E-E026-495C-800A-54ADE26BFC9A}.Release|Any CPU.ActiveCfg = Release|Any CPU
		{E2F4767E-E026-495C-800A-54ADE26BFC9A}.Release|Any CPU.Build.0 = Release|Any CPU
		{E2F4767E-E026-495C-800A-54ADE26BFC9A}.Release|x64.ActiveCfg = Release|Any CPU
		{E2F4767E-E026-495C-800A-54ADE26BFC9A}.Release|x64.Build.0 = Release|Any CPU
		{E2F4767E-E026-495C-800A-54ADE26BFC9A}.Release|x86.ActiveCfg = Release|Any CPU
		{E2F4767E-E026-495C-800A-54ADE26BFC9A}.Release|x86.Build.0 = Release|Any CPU
		{EF93F2E2-875E-48D4-9645-5EBFD88AF226}.Debug|Any CPU.ActiveCfg = Debug|Any CPU
		{EF93F2E2-875E-48D4-9645-5EBFD88AF226}.Debug|Any CPU.Build.0 = Debug|Any CPU
		{EF93F2E2-875E-48D4-9645-5EBFD88AF226}.Debug|x64.ActiveCfg = Debug|Any CPU
		{EF93F2E2-875E-48D4-9645-5EBFD88AF226}.Debug|x64.Build.0 = Debug|Any CPU
		{EF93F2E2-875E-48D4-9645-5EBFD88AF226}.Debug|x86.ActiveCfg = Debug|Any CPU
		{EF93F2E2-875E-48D4-9645-5EBFD88AF226}.Debug|x86.Build.0 = Debug|Any CPU
		{EF93F2E2-875E-48D4-9645-5EBFD88AF226}.Release|Any CPU.ActiveCfg = Release|Any CPU
		{EF93F2E2-875E-48D4-9645-5EBFD88AF226}.Release|Any CPU.Build.0 = Release|Any CPU
		{EF93F2E2-875E-48D4-9645-5EBFD88AF226}.Release|x64.ActiveCfg = Release|Any CPU
		{EF93F2E2-875E-48D4-9645-5EBFD88AF226}.Release|x64.Build.0 = Release|Any CPU
		{EF93F2E2-875E-48D4-9645-5EBFD88AF226}.Release|x86.ActiveCfg = Release|Any CPU
		{EF93F2E2-875E-48D4-9645-5EBFD88AF226}.Release|x86.Build.0 = Release|Any CPU
		{5917E281-6624-44F5-AF26-1FC9FEB40DC5}.Debug|Any CPU.ActiveCfg = Debug|Any CPU
		{5917E281-6624-44F5-AF26-1FC9FEB40DC5}.Debug|Any CPU.Build.0 = Debug|Any CPU
		{5917E281-6624-44F5-AF26-1FC9FEB40DC5}.Debug|x64.ActiveCfg = Debug|Any CPU
		{5917E281-6624-44F5-AF26-1FC9FEB40DC5}.Debug|x64.Build.0 = Debug|Any CPU
		{5917E281-6624-44F5-AF26-1FC9FEB40DC5}.Debug|x86.ActiveCfg = Debug|Any CPU
		{5917E281-6624-44F5-AF26-1FC9FEB40DC5}.Debug|x86.Build.0 = Debug|Any CPU
		{5917E281-6624-44F5-AF26-1FC9FEB40DC5}.Release|Any CPU.ActiveCfg = Release|Any CPU
		{5917E281-6624-44F5-AF26-1FC9FEB40DC5}.Release|Any CPU.Build.0 = Release|Any CPU
		{5917E281-6624-44F5-AF26-1FC9FEB40DC5}.Release|x64.ActiveCfg = Release|Any CPU
		{5917E281-6624-44F5-AF26-1FC9FEB40DC5}.Release|x64.Build.0 = Release|Any CPU
		{5917E281-6624-44F5-AF26-1FC9FEB40DC5}.Release|x86.ActiveCfg = Release|Any CPU
		{5917E281-6624-44F5-AF26-1FC9FEB40DC5}.Release|x86.Build.0 = Release|Any CPU
		{A45EEE40-E103-458D-B353-53F17C93BFA2}.Debug|Any CPU.ActiveCfg = Debug|Any CPU
		{A45EEE40-E103-458D-B353-53F17C93BFA2}.Debug|Any CPU.Build.0 = Debug|Any CPU
		{A45EEE40-E103-458D-B353-53F17C93BFA2}.Debug|x64.ActiveCfg = Debug|Any CPU
		{A45EEE40-E103-458D-B353-53F17C93BFA2}.Debug|x64.Build.0 = Debug|Any CPU
		{A45EEE40-E103-458D-B353-53F17C93BFA2}.Debug|x86.ActiveCfg = Debug|Any CPU
		{A45EEE40-E103-458D-B353-53F17C93BFA2}.Debug|x86.Build.0 = Debug|Any CPU
		{A45EEE40-E103-458D-B353-53F17C93BFA2}.Release|Any CPU.ActiveCfg = Release|Any CPU
		{A45EEE40-E103-458D-B353-53F17C93BFA2}.Release|Any CPU.Build.0 = Release|Any CPU
		{A45EEE40-E103-458D-B353-53F17C93BFA2}.Release|x64.ActiveCfg = Release|Any CPU
		{A45EEE40-E103-458D-B353-53F17C93BFA2}.Release|x64.Build.0 = Release|Any CPU
		{A45EEE40-E103-458D-B353-53F17C93BFA2}.Release|x86.ActiveCfg = Release|Any CPU
		{A45EEE40-E103-458D-B353-53F17C93BFA2}.Release|x86.Build.0 = Release|Any CPU
		{86025050-E06F-4102-A2DB-2B70EED30256}.Debug|Any CPU.ActiveCfg = Debug|Any CPU
		{86025050-E06F-4102-A2DB-2B70EED30256}.Debug|Any CPU.Build.0 = Debug|Any CPU
		{86025050-E06F-4102-A2DB-2B70EED30256}.Debug|x64.ActiveCfg = Debug|Any CPU
		{86025050-E06F-4102-A2DB-2B70EED30256}.Debug|x64.Build.0 = Debug|Any CPU
		{86025050-E06F-4102-A2DB-2B70EED30256}.Debug|x86.ActiveCfg = Debug|Any CPU
		{86025050-E06F-4102-A2DB-2B70EED30256}.Debug|x86.Build.0 = Debug|Any CPU
		{86025050-E06F-4102-A2DB-2B70EED30256}.Release|Any CPU.ActiveCfg = Release|Any CPU
		{86025050-E06F-4102-A2DB-2B70EED30256}.Release|Any CPU.Build.0 = Release|Any CPU
		{86025050-E06F-4102-A2DB-2B70EED30256}.Release|x64.ActiveCfg = Release|Any CPU
		{86025050-E06F-4102-A2DB-2B70EED30256}.Release|x64.Build.0 = Release|Any CPU
		{86025050-E06F-4102-A2DB-2B70EED30256}.Release|x86.ActiveCfg = Release|Any CPU
		{86025050-E06F-4102-A2DB-2B70EED30256}.Release|x86.Build.0 = Release|Any CPU
		{F2ED21B7-82FD-44D3-9D24-465452219305}.Debug|Any CPU.ActiveCfg = Debug|Any CPU
		{F2ED21B7-82FD-44D3-9D24-465452219305}.Debug|Any CPU.Build.0 = Debug|Any CPU
		{F2ED21B7-82FD-44D3-9D24-465452219305}.Debug|x64.ActiveCfg = Debug|Any CPU
		{F2ED21B7-82FD-44D3-9D24-465452219305}.Debug|x64.Build.0 = Debug|Any CPU
		{F2ED21B7-82FD-44D3-9D24-465452219305}.Debug|x86.ActiveCfg = Debug|Any CPU
		{F2ED21B7-82FD-44D3-9D24-465452219305}.Debug|x86.Build.0 = Debug|Any CPU
		{F2ED21B7-82FD-44D3-9D24-465452219305}.Release|Any CPU.ActiveCfg = Release|Any CPU
		{F2ED21B7-82FD-44D3-9D24-465452219305}.Release|Any CPU.Build.0 = Release|Any CPU
		{F2ED21B7-82FD-44D3-9D24-465452219305}.Release|x64.ActiveCfg = Release|Any CPU
		{F2ED21B7-82FD-44D3-9D24-465452219305}.Release|x64.Build.0 = Release|Any CPU
		{F2ED21B7-82FD-44D3-9D24-465452219305}.Release|x86.ActiveCfg = Release|Any CPU
		{F2ED21B7-82FD-44D3-9D24-465452219305}.Release|x86.Build.0 = Release|Any CPU
		{53136B2B-CD27-4A00-8540-99F246E88575}.Debug|Any CPU.ActiveCfg = Debug|Any CPU
		{53136B2B-CD27-4A00-8540-99F246E88575}.Debug|Any CPU.Build.0 = Debug|Any CPU
		{53136B2B-CD27-4A00-8540-99F246E88575}.Debug|x64.ActiveCfg = Debug|Any CPU
		{53136B2B-CD27-4A00-8540-99F246E88575}.Debug|x64.Build.0 = Debug|Any CPU
		{53136B2B-CD27-4A00-8540-99F246E88575}.Debug|x86.ActiveCfg = Debug|Any CPU
		{53136B2B-CD27-4A00-8540-99F246E88575}.Debug|x86.Build.0 = Debug|Any CPU
		{53136B2B-CD27-4A00-8540-99F246E88575}.Release|Any CPU.ActiveCfg = Release|Any CPU
		{53136B2B-CD27-4A00-8540-99F246E88575}.Release|Any CPU.Build.0 = Release|Any CPU
		{53136B2B-CD27-4A00-8540-99F246E88575}.Release|x64.ActiveCfg = Release|Any CPU
		{53136B2B-CD27-4A00-8540-99F246E88575}.Release|x64.Build.0 = Release|Any CPU
		{53136B2B-CD27-4A00-8540-99F246E88575}.Release|x86.ActiveCfg = Release|Any CPU
		{53136B2B-CD27-4A00-8540-99F246E88575}.Release|x86.Build.0 = Release|Any CPU
		{AE4F5446-3D95-4BF9-9D14-ECDD3A36D8C7}.Debug|Any CPU.ActiveCfg = Debug|Any CPU
		{AE4F5446-3D95-4BF9-9D14-ECDD3A36D8C7}.Debug|Any CPU.Build.0 = Debug|Any CPU
		{AE4F5446-3D95-4BF9-9D14-ECDD3A36D8C7}.Debug|x64.ActiveCfg = Debug|Any CPU
		{AE4F5446-3D95-4BF9-9D14-ECDD3A36D8C7}.Debug|x64.Build.0 = Debug|Any CPU
		{AE4F5446-3D95-4BF9-9D14-ECDD3A36D8C7}.Debug|x86.ActiveCfg = Debug|Any CPU
		{AE4F5446-3D95-4BF9-9D14-ECDD3A36D8C7}.Debug|x86.Build.0 = Debug|Any CPU
		{AE4F5446-3D95-4BF9-9D14-ECDD3A36D8C7}.Release|Any CPU.ActiveCfg = Release|Any CPU
		{AE4F5446-3D95-4BF9-9D14-ECDD3A36D8C7}.Release|Any CPU.Build.0 = Release|Any CPU
		{AE4F5446-3D95-4BF9-9D14-ECDD3A36D8C7}.Release|x64.ActiveCfg = Release|Any CPU
		{AE4F5446-3D95-4BF9-9D14-ECDD3A36D8C7}.Release|x64.Build.0 = Release|Any CPU
		{AE4F5446-3D95-4BF9-9D14-ECDD3A36D8C7}.Release|x86.ActiveCfg = Release|Any CPU
		{AE4F5446-3D95-4BF9-9D14-ECDD3A36D8C7}.Release|x86.Build.0 = Release|Any CPU
		{0C60059F-0F57-455F-BAF2-1596C9AFFB9E}.Debug|Any CPU.ActiveCfg = Debug|Any CPU
		{0C60059F-0F57-455F-BAF2-1596C9AFFB9E}.Debug|Any CPU.Build.0 = Debug|Any CPU
		{0C60059F-0F57-455F-BAF2-1596C9AFFB9E}.Debug|x64.ActiveCfg = Debug|Any CPU
		{0C60059F-0F57-455F-BAF2-1596C9AFFB9E}.Debug|x64.Build.0 = Debug|Any CPU
		{0C60059F-0F57-455F-BAF2-1596C9AFFB9E}.Debug|x86.ActiveCfg = Debug|Any CPU
		{0C60059F-0F57-455F-BAF2-1596C9AFFB9E}.Debug|x86.Build.0 = Debug|Any CPU
		{0C60059F-0F57-455F-BAF2-1596C9AFFB9E}.Release|Any CPU.ActiveCfg = Release|Any CPU
		{0C60059F-0F57-455F-BAF2-1596C9AFFB9E}.Release|Any CPU.Build.0 = Release|Any CPU
		{0C60059F-0F57-455F-BAF2-1596C9AFFB9E}.Release|x64.ActiveCfg = Release|Any CPU
		{0C60059F-0F57-455F-BAF2-1596C9AFFB9E}.Release|x64.Build.0 = Release|Any CPU
		{0C60059F-0F57-455F-BAF2-1596C9AFFB9E}.Release|x86.ActiveCfg = Release|Any CPU
		{0C60059F-0F57-455F-BAF2-1596C9AFFB9E}.Release|x86.Build.0 = Release|Any CPU
		{AA7C6937-55D3-447B-B7F7-38CC05C0C633}.Debug|Any CPU.ActiveCfg = Debug|Any CPU
		{AA7C6937-55D3-447B-B7F7-38CC05C0C633}.Debug|Any CPU.Build.0 = Debug|Any CPU
		{AA7C6937-55D3-447B-B7F7-38CC05C0C633}.Debug|x64.ActiveCfg = Debug|Any CPU
		{AA7C6937-55D3-447B-B7F7-38CC05C0C633}.Debug|x64.Build.0 = Debug|Any CPU
		{AA7C6937-55D3-447B-B7F7-38CC05C0C633}.Debug|x86.ActiveCfg = Debug|Any CPU
		{AA7C6937-55D3-447B-B7F7-38CC05C0C633}.Debug|x86.Build.0 = Debug|Any CPU
		{AA7C6937-55D3-447B-B7F7-38CC05C0C633}.Release|Any CPU.ActiveCfg = Release|Any CPU
		{AA7C6937-55D3-447B-B7F7-38CC05C0C633}.Release|Any CPU.Build.0 = Release|Any CPU
		{AA7C6937-55D3-447B-B7F7-38CC05C0C633}.Release|x64.ActiveCfg = Release|Any CPU
		{AA7C6937-55D3-447B-B7F7-38CC05C0C633}.Release|x64.Build.0 = Release|Any CPU
		{AA7C6937-55D3-447B-B7F7-38CC05C0C633}.Release|x86.ActiveCfg = Release|Any CPU
		{AA7C6937-55D3-447B-B7F7-38CC05C0C633}.Release|x86.Build.0 = Release|Any CPU
		{56694FEA-1E17-4B38-91D8-79DD901CBD93}.Debug|Any CPU.ActiveCfg = Debug|Any CPU
		{56694FEA-1E17-4B38-91D8-79DD901CBD93}.Debug|Any CPU.Build.0 = Debug|Any CPU
		{56694FEA-1E17-4B38-91D8-79DD901CBD93}.Debug|x64.ActiveCfg = Debug|Any CPU
		{56694FEA-1E17-4B38-91D8-79DD901CBD93}.Debug|x64.Build.0 = Debug|Any CPU
		{56694FEA-1E17-4B38-91D8-79DD901CBD93}.Debug|x86.ActiveCfg = Debug|Any CPU
		{56694FEA-1E17-4B38-91D8-79DD901CBD93}.Debug|x86.Build.0 = Debug|Any CPU
		{56694FEA-1E17-4B38-91D8-79DD901CBD93}.Release|Any CPU.ActiveCfg = Release|Any CPU
		{56694FEA-1E17-4B38-91D8-79DD901CBD93}.Release|Any CPU.Build.0 = Release|Any CPU
		{56694FEA-1E17-4B38-91D8-79DD901CBD93}.Release|x64.ActiveCfg = Release|Any CPU
		{56694FEA-1E17-4B38-91D8-79DD901CBD93}.Release|x64.Build.0 = Release|Any CPU
		{56694FEA-1E17-4B38-91D8-79DD901CBD93}.Release|x86.ActiveCfg = Release|Any CPU
		{56694FEA-1E17-4B38-91D8-79DD901CBD93}.Release|x86.Build.0 = Release|Any CPU
		{77E74B09-9BA7-45A0-9E58-1708573124D1}.Debug|Any CPU.ActiveCfg = Debug|Any CPU
		{77E74B09-9BA7-45A0-9E58-1708573124D1}.Debug|Any CPU.Build.0 = Debug|Any CPU
		{77E74B09-9BA7-45A0-9E58-1708573124D1}.Debug|x64.ActiveCfg = Debug|Any CPU
		{77E74B09-9BA7-45A0-9E58-1708573124D1}.Debug|x64.Build.0 = Debug|Any CPU
		{77E74B09-9BA7-45A0-9E58-1708573124D1}.Debug|x86.ActiveCfg = Debug|Any CPU
		{77E74B09-9BA7-45A0-9E58-1708573124D1}.Debug|x86.Build.0 = Debug|Any CPU
		{77E74B09-9BA7-45A0-9E58-1708573124D1}.Release|Any CPU.ActiveCfg = Release|Any CPU
		{77E74B09-9BA7-45A0-9E58-1708573124D1}.Release|Any CPU.Build.0 = Release|Any CPU
		{77E74B09-9BA7-45A0-9E58-1708573124D1}.Release|x64.ActiveCfg = Release|Any CPU
		{77E74B09-9BA7-45A0-9E58-1708573124D1}.Release|x64.Build.0 = Release|Any CPU
		{77E74B09-9BA7-45A0-9E58-1708573124D1}.Release|x86.ActiveCfg = Release|Any CPU
		{77E74B09-9BA7-45A0-9E58-1708573124D1}.Release|x86.Build.0 = Release|Any CPU
		{7B148E47-4636-4E91-8BEE-BC3D1A56213A}.Debug|Any CPU.ActiveCfg = Debug|Any CPU
		{7B148E47-4636-4E91-8BEE-BC3D1A56213A}.Debug|Any CPU.Build.0 = Debug|Any CPU
		{7B148E47-4636-4E91-8BEE-BC3D1A56213A}.Debug|x64.ActiveCfg = Debug|Any CPU
		{7B148E47-4636-4E91-8BEE-BC3D1A56213A}.Debug|x64.Build.0 = Debug|Any CPU
		{7B148E47-4636-4E91-8BEE-BC3D1A56213A}.Debug|x86.ActiveCfg = Debug|Any CPU
		{7B148E47-4636-4E91-8BEE-BC3D1A56213A}.Debug|x86.Build.0 = Debug|Any CPU
		{7B148E47-4636-4E91-8BEE-BC3D1A56213A}.Release|Any CPU.ActiveCfg = Release|Any CPU
		{7B148E47-4636-4E91-8BEE-BC3D1A56213A}.Release|Any CPU.Build.0 = Release|Any CPU
		{7B148E47-4636-4E91-8BEE-BC3D1A56213A}.Release|x64.ActiveCfg = Release|Any CPU
		{7B148E47-4636-4E91-8BEE-BC3D1A56213A}.Release|x64.Build.0 = Release|Any CPU
		{7B148E47-4636-4E91-8BEE-BC3D1A56213A}.Release|x86.ActiveCfg = Release|Any CPU
		{7B148E47-4636-4E91-8BEE-BC3D1A56213A}.Release|x86.Build.0 = Release|Any CPU
		{169DABCD-D78E-4DC7-BB15-6C98358153E6}.Debug|Any CPU.ActiveCfg = Debug|Any CPU
		{169DABCD-D78E-4DC7-BB15-6C98358153E6}.Debug|Any CPU.Build.0 = Debug|Any CPU
		{169DABCD-D78E-4DC7-BB15-6C98358153E6}.Debug|x64.ActiveCfg = Debug|Any CPU
		{169DABCD-D78E-4DC7-BB15-6C98358153E6}.Debug|x64.Build.0 = Debug|Any CPU
		{169DABCD-D78E-4DC7-BB15-6C98358153E6}.Debug|x86.ActiveCfg = Debug|Any CPU
		{169DABCD-D78E-4DC7-BB15-6C98358153E6}.Debug|x86.Build.0 = Debug|Any CPU
		{169DABCD-D78E-4DC7-BB15-6C98358153E6}.Release|Any CPU.ActiveCfg = Release|Any CPU
		{169DABCD-D78E-4DC7-BB15-6C98358153E6}.Release|Any CPU.Build.0 = Release|Any CPU
		{169DABCD-D78E-4DC7-BB15-6C98358153E6}.Release|x64.ActiveCfg = Release|Any CPU
		{169DABCD-D78E-4DC7-BB15-6C98358153E6}.Release|x64.Build.0 = Release|Any CPU
		{169DABCD-D78E-4DC7-BB15-6C98358153E6}.Release|x86.ActiveCfg = Release|Any CPU
		{169DABCD-D78E-4DC7-BB15-6C98358153E6}.Release|x86.Build.0 = Release|Any CPU
		{0A252C2B-3BAC-4B3B-AC67-3A6D4127A091}.Debug|Any CPU.ActiveCfg = Debug|Any CPU
		{0A252C2B-3BAC-4B3B-AC67-3A6D4127A091}.Debug|Any CPU.Build.0 = Debug|Any CPU
		{0A252C2B-3BAC-4B3B-AC67-3A6D4127A091}.Debug|x64.ActiveCfg = Debug|Any CPU
		{0A252C2B-3BAC-4B3B-AC67-3A6D4127A091}.Debug|x64.Build.0 = Debug|Any CPU
		{0A252C2B-3BAC-4B3B-AC67-3A6D4127A091}.Debug|x86.ActiveCfg = Debug|Any CPU
		{0A252C2B-3BAC-4B3B-AC67-3A6D4127A091}.Debug|x86.Build.0 = Debug|Any CPU
		{0A252C2B-3BAC-4B3B-AC67-3A6D4127A091}.Release|Any CPU.ActiveCfg = Release|Any CPU
		{0A252C2B-3BAC-4B3B-AC67-3A6D4127A091}.Release|Any CPU.Build.0 = Release|Any CPU
		{0A252C2B-3BAC-4B3B-AC67-3A6D4127A091}.Release|x64.ActiveCfg = Release|Any CPU
		{0A252C2B-3BAC-4B3B-AC67-3A6D4127A091}.Release|x64.Build.0 = Release|Any CPU
		{0A252C2B-3BAC-4B3B-AC67-3A6D4127A091}.Release|x86.ActiveCfg = Release|Any CPU
		{0A252C2B-3BAC-4B3B-AC67-3A6D4127A091}.Release|x86.Build.0 = Release|Any CPU
		{4FE06FF7-BB9B-4FED-AEA9-2925E27C6459}.Debug|Any CPU.ActiveCfg = Debug|Any CPU
		{4FE06FF7-BB9B-4FED-AEA9-2925E27C6459}.Debug|Any CPU.Build.0 = Debug|Any CPU
		{4FE06FF7-BB9B-4FED-AEA9-2925E27C6459}.Debug|x64.ActiveCfg = Debug|Any CPU
		{4FE06FF7-BB9B-4FED-AEA9-2925E27C6459}.Debug|x64.Build.0 = Debug|Any CPU
		{4FE06FF7-BB9B-4FED-AEA9-2925E27C6459}.Debug|x86.ActiveCfg = Debug|Any CPU
		{4FE06FF7-BB9B-4FED-AEA9-2925E27C6459}.Debug|x86.Build.0 = Debug|Any CPU
		{4FE06FF7-BB9B-4FED-AEA9-2925E27C6459}.Release|Any CPU.ActiveCfg = Release|Any CPU
		{4FE06FF7-BB9B-4FED-AEA9-2925E27C6459}.Release|Any CPU.Build.0 = Release|Any CPU
		{4FE06FF7-BB9B-4FED-AEA9-2925E27C6459}.Release|x64.ActiveCfg = Release|Any CPU
		{4FE06FF7-BB9B-4FED-AEA9-2925E27C6459}.Release|x64.Build.0 = Release|Any CPU
		{4FE06FF7-BB9B-4FED-AEA9-2925E27C6459}.Release|x86.ActiveCfg = Release|Any CPU
		{4FE06FF7-BB9B-4FED-AEA9-2925E27C6459}.Release|x86.Build.0 = Release|Any CPU
		{9B19F8D3-B975-4470-A621-E6A8E0C19DF3}.Debug|Any CPU.ActiveCfg = Debug|Any CPU
		{9B19F8D3-B975-4470-A621-E6A8E0C19DF3}.Debug|Any CPU.Build.0 = Debug|Any CPU
		{9B19F8D3-B975-4470-A621-E6A8E0C19DF3}.Debug|x64.ActiveCfg = Debug|Any CPU
		{9B19F8D3-B975-4470-A621-E6A8E0C19DF3}.Debug|x64.Build.0 = Debug|Any CPU
		{9B19F8D3-B975-4470-A621-E6A8E0C19DF3}.Debug|x86.ActiveCfg = Debug|Any CPU
		{9B19F8D3-B975-4470-A621-E6A8E0C19DF3}.Debug|x86.Build.0 = Debug|Any CPU
		{9B19F8D3-B975-4470-A621-E6A8E0C19DF3}.Release|Any CPU.ActiveCfg = Release|Any CPU
		{9B19F8D3-B975-4470-A621-E6A8E0C19DF3}.Release|Any CPU.Build.0 = Release|Any CPU
		{9B19F8D3-B975-4470-A621-E6A8E0C19DF3}.Release|x64.ActiveCfg = Release|Any CPU
		{9B19F8D3-B975-4470-A621-E6A8E0C19DF3}.Release|x64.Build.0 = Release|Any CPU
		{9B19F8D3-B975-4470-A621-E6A8E0C19DF3}.Release|x86.ActiveCfg = Release|Any CPU
		{9B19F8D3-B975-4470-A621-E6A8E0C19DF3}.Release|x86.Build.0 = Release|Any CPU
		{85CA128D-6400-4DB5-AA98-37DEF418E85E}.Debug|Any CPU.ActiveCfg = Debug|Any CPU
		{85CA128D-6400-4DB5-AA98-37DEF418E85E}.Debug|Any CPU.Build.0 = Debug|Any CPU
		{85CA128D-6400-4DB5-AA98-37DEF418E85E}.Debug|x64.ActiveCfg = Debug|Any CPU
		{85CA128D-6400-4DB5-AA98-37DEF418E85E}.Debug|x64.Build.0 = Debug|Any CPU
		{85CA128D-6400-4DB5-AA98-37DEF418E85E}.Debug|x86.ActiveCfg = Debug|Any CPU
		{85CA128D-6400-4DB5-AA98-37DEF418E85E}.Debug|x86.Build.0 = Debug|Any CPU
		{85CA128D-6400-4DB5-AA98-37DEF418E85E}.Release|Any CPU.ActiveCfg = Release|Any CPU
		{85CA128D-6400-4DB5-AA98-37DEF418E85E}.Release|Any CPU.Build.0 = Release|Any CPU
		{85CA128D-6400-4DB5-AA98-37DEF418E85E}.Release|x64.ActiveCfg = Release|Any CPU
		{85CA128D-6400-4DB5-AA98-37DEF418E85E}.Release|x64.Build.0 = Release|Any CPU
		{85CA128D-6400-4DB5-AA98-37DEF418E85E}.Release|x86.ActiveCfg = Release|Any CPU
		{85CA128D-6400-4DB5-AA98-37DEF418E85E}.Release|x86.Build.0 = Release|Any CPU
		{25268AEE-40EA-4C6A-A73A-AD0181F0D0C2}.Debug|Any CPU.ActiveCfg = Debug|Any CPU
		{25268AEE-40EA-4C6A-A73A-AD0181F0D0C2}.Debug|Any CPU.Build.0 = Debug|Any CPU
		{25268AEE-40EA-4C6A-A73A-AD0181F0D0C2}.Debug|x64.ActiveCfg = Debug|Any CPU
		{25268AEE-40EA-4C6A-A73A-AD0181F0D0C2}.Debug|x64.Build.0 = Debug|Any CPU
		{25268AEE-40EA-4C6A-A73A-AD0181F0D0C2}.Debug|x86.ActiveCfg = Debug|Any CPU
		{25268AEE-40EA-4C6A-A73A-AD0181F0D0C2}.Debug|x86.Build.0 = Debug|Any CPU
		{25268AEE-40EA-4C6A-A73A-AD0181F0D0C2}.Release|Any CPU.ActiveCfg = Release|Any CPU
		{25268AEE-40EA-4C6A-A73A-AD0181F0D0C2}.Release|Any CPU.Build.0 = Release|Any CPU
		{25268AEE-40EA-4C6A-A73A-AD0181F0D0C2}.Release|x64.ActiveCfg = Release|Any CPU
		{25268AEE-40EA-4C6A-A73A-AD0181F0D0C2}.Release|x64.Build.0 = Release|Any CPU
		{25268AEE-40EA-4C6A-A73A-AD0181F0D0C2}.Release|x86.ActiveCfg = Release|Any CPU
		{25268AEE-40EA-4C6A-A73A-AD0181F0D0C2}.Release|x86.Build.0 = Release|Any CPU
		{2897E33E-A3E1-4D8D-B34B-05A9D2FD0F77}.Debug|Any CPU.ActiveCfg = Debug|Any CPU
		{2897E33E-A3E1-4D8D-B34B-05A9D2FD0F77}.Debug|Any CPU.Build.0 = Debug|Any CPU
		{2897E33E-A3E1-4D8D-B34B-05A9D2FD0F77}.Debug|x64.ActiveCfg = Debug|Any CPU
		{2897E33E-A3E1-4D8D-B34B-05A9D2FD0F77}.Debug|x64.Build.0 = Debug|Any CPU
		{2897E33E-A3E1-4D8D-B34B-05A9D2FD0F77}.Debug|x86.ActiveCfg = Debug|Any CPU
		{2897E33E-A3E1-4D8D-B34B-05A9D2FD0F77}.Debug|x86.Build.0 = Debug|Any CPU
		{2897E33E-A3E1-4D8D-B34B-05A9D2FD0F77}.Release|Any CPU.ActiveCfg = Release|Any CPU
		{2897E33E-A3E1-4D8D-B34B-05A9D2FD0F77}.Release|Any CPU.Build.0 = Release|Any CPU
		{2897E33E-A3E1-4D8D-B34B-05A9D2FD0F77}.Release|x64.ActiveCfg = Release|Any CPU
		{2897E33E-A3E1-4D8D-B34B-05A9D2FD0F77}.Release|x64.Build.0 = Release|Any CPU
		{2897E33E-A3E1-4D8D-B34B-05A9D2FD0F77}.Release|x86.ActiveCfg = Release|Any CPU
		{2897E33E-A3E1-4D8D-B34B-05A9D2FD0F77}.Release|x86.Build.0 = Release|Any CPU
		{19712FF8-175E-418F-A512-764EEE8EF70C}.Debug|Any CPU.ActiveCfg = Debug|Any CPU
		{19712FF8-175E-418F-A512-764EEE8EF70C}.Debug|Any CPU.Build.0 = Debug|Any CPU
		{19712FF8-175E-418F-A512-764EEE8EF70C}.Debug|x64.ActiveCfg = Debug|Any CPU
		{19712FF8-175E-418F-A512-764EEE8EF70C}.Debug|x64.Build.0 = Debug|Any CPU
		{19712FF8-175E-418F-A512-764EEE8EF70C}.Debug|x86.ActiveCfg = Debug|Any CPU
		{19712FF8-175E-418F-A512-764EEE8EF70C}.Debug|x86.Build.0 = Debug|Any CPU
		{19712FF8-175E-418F-A512-764EEE8EF70C}.Release|Any CPU.ActiveCfg = Release|Any CPU
		{19712FF8-175E-418F-A512-764EEE8EF70C}.Release|Any CPU.Build.0 = Release|Any CPU
		{19712FF8-175E-418F-A512-764EEE8EF70C}.Release|x64.ActiveCfg = Release|Any CPU
		{19712FF8-175E-418F-A512-764EEE8EF70C}.Release|x64.Build.0 = Release|Any CPU
		{19712FF8-175E-418F-A512-764EEE8EF70C}.Release|x86.ActiveCfg = Release|Any CPU
		{19712FF8-175E-418F-A512-764EEE8EF70C}.Release|x86.Build.0 = Release|Any CPU
		{1AE22CB7-146D-4000-9CB0-BC786737FB68}.Debug|Any CPU.ActiveCfg = Debug|Any CPU
		{1AE22CB7-146D-4000-9CB0-BC786737FB68}.Debug|Any CPU.Build.0 = Debug|Any CPU
		{1AE22CB7-146D-4000-9CB0-BC786737FB68}.Debug|x64.ActiveCfg = Debug|Any CPU
		{1AE22CB7-146D-4000-9CB0-BC786737FB68}.Debug|x64.Build.0 = Debug|Any CPU
		{1AE22CB7-146D-4000-9CB0-BC786737FB68}.Debug|x86.ActiveCfg = Debug|Any CPU
		{1AE22CB7-146D-4000-9CB0-BC786737FB68}.Debug|x86.Build.0 = Debug|Any CPU
		{1AE22CB7-146D-4000-9CB0-BC786737FB68}.Release|Any CPU.ActiveCfg = Release|Any CPU
		{1AE22CB7-146D-4000-9CB0-BC786737FB68}.Release|Any CPU.Build.0 = Release|Any CPU
		{1AE22CB7-146D-4000-9CB0-BC786737FB68}.Release|x64.ActiveCfg = Release|Any CPU
		{1AE22CB7-146D-4000-9CB0-BC786737FB68}.Release|x64.Build.0 = Release|Any CPU
		{1AE22CB7-146D-4000-9CB0-BC786737FB68}.Release|x86.ActiveCfg = Release|Any CPU
		{1AE22CB7-146D-4000-9CB0-BC786737FB68}.Release|x86.Build.0 = Release|Any CPU
		{FD698F58-CDBF-4C4F-96F2-138CB83F5B4F}.Debug|Any CPU.ActiveCfg = Debug|Any CPU
		{FD698F58-CDBF-4C4F-96F2-138CB83F5B4F}.Debug|Any CPU.Build.0 = Debug|Any CPU
		{FD698F58-CDBF-4C4F-96F2-138CB83F5B4F}.Debug|x64.ActiveCfg = Debug|Any CPU
		{FD698F58-CDBF-4C4F-96F2-138CB83F5B4F}.Debug|x64.Build.0 = Debug|Any CPU
		{FD698F58-CDBF-4C4F-96F2-138CB83F5B4F}.Debug|x86.ActiveCfg = Debug|Any CPU
		{FD698F58-CDBF-4C4F-96F2-138CB83F5B4F}.Debug|x86.Build.0 = Debug|Any CPU
		{FD698F58-CDBF-4C4F-96F2-138CB83F5B4F}.Release|Any CPU.ActiveCfg = Release|Any CPU
		{FD698F58-CDBF-4C4F-96F2-138CB83F5B4F}.Release|Any CPU.Build.0 = Release|Any CPU
		{FD698F58-CDBF-4C4F-96F2-138CB83F5B4F}.Release|x64.ActiveCfg = Release|Any CPU
		{FD698F58-CDBF-4C4F-96F2-138CB83F5B4F}.Release|x64.Build.0 = Release|Any CPU
		{FD698F58-CDBF-4C4F-96F2-138CB83F5B4F}.Release|x86.ActiveCfg = Release|Any CPU
		{FD698F58-CDBF-4C4F-96F2-138CB83F5B4F}.Release|x86.Build.0 = Release|Any CPU
		{3E667AF3-64C4-4B18-8FBE-0C93C0D8A28B}.Debug|Any CPU.ActiveCfg = Debug|Any CPU
		{3E667AF3-64C4-4B18-8FBE-0C93C0D8A28B}.Debug|Any CPU.Build.0 = Debug|Any CPU
		{3E667AF3-64C4-4B18-8FBE-0C93C0D8A28B}.Debug|x64.ActiveCfg = Debug|Any CPU
		{3E667AF3-64C4-4B18-8FBE-0C93C0D8A28B}.Debug|x64.Build.0 = Debug|Any CPU
		{3E667AF3-64C4-4B18-8FBE-0C93C0D8A28B}.Debug|x86.ActiveCfg = Debug|Any CPU
		{3E667AF3-64C4-4B18-8FBE-0C93C0D8A28B}.Debug|x86.Build.0 = Debug|Any CPU
		{3E667AF3-64C4-4B18-8FBE-0C93C0D8A28B}.Release|Any CPU.ActiveCfg = Release|Any CPU
		{3E667AF3-64C4-4B18-8FBE-0C93C0D8A28B}.Release|Any CPU.Build.0 = Release|Any CPU
		{3E667AF3-64C4-4B18-8FBE-0C93C0D8A28B}.Release|x64.ActiveCfg = Release|Any CPU
		{3E667AF3-64C4-4B18-8FBE-0C93C0D8A28B}.Release|x64.Build.0 = Release|Any CPU
		{3E667AF3-64C4-4B18-8FBE-0C93C0D8A28B}.Release|x86.ActiveCfg = Release|Any CPU
		{3E667AF3-64C4-4B18-8FBE-0C93C0D8A28B}.Release|x86.Build.0 = Release|Any CPU
		{3E1DD333-697C-47FB-B1B5-A56FC5C0A755}.Debug|Any CPU.ActiveCfg = Debug|Any CPU
		{3E1DD333-697C-47FB-B1B5-A56FC5C0A755}.Debug|Any CPU.Build.0 = Debug|Any CPU
		{3E1DD333-697C-47FB-B1B5-A56FC5C0A755}.Debug|x64.ActiveCfg = Debug|Any CPU
		{3E1DD333-697C-47FB-B1B5-A56FC5C0A755}.Debug|x64.Build.0 = Debug|Any CPU
		{3E1DD333-697C-47FB-B1B5-A56FC5C0A755}.Debug|x86.ActiveCfg = Debug|Any CPU
		{3E1DD333-697C-47FB-B1B5-A56FC5C0A755}.Debug|x86.Build.0 = Debug|Any CPU
		{3E1DD333-697C-47FB-B1B5-A56FC5C0A755}.Release|Any CPU.ActiveCfg = Release|Any CPU
		{3E1DD333-697C-47FB-B1B5-A56FC5C0A755}.Release|Any CPU.Build.0 = Release|Any CPU
		{3E1DD333-697C-47FB-B1B5-A56FC5C0A755}.Release|x64.ActiveCfg = Release|Any CPU
		{3E1DD333-697C-47FB-B1B5-A56FC5C0A755}.Release|x64.Build.0 = Release|Any CPU
		{3E1DD333-697C-47FB-B1B5-A56FC5C0A755}.Release|x86.ActiveCfg = Release|Any CPU
		{3E1DD333-697C-47FB-B1B5-A56FC5C0A755}.Release|x86.Build.0 = Release|Any CPU
		{957EABC7-313F-43D1-BE5E-6AC0740BBAF7}.Debug|Any CPU.ActiveCfg = Debug|Any CPU
		{957EABC7-313F-43D1-BE5E-6AC0740BBAF7}.Debug|Any CPU.Build.0 = Debug|Any CPU
		{957EABC7-313F-43D1-BE5E-6AC0740BBAF7}.Debug|x64.ActiveCfg = Debug|Any CPU
		{957EABC7-313F-43D1-BE5E-6AC0740BBAF7}.Debug|x64.Build.0 = Debug|Any CPU
		{957EABC7-313F-43D1-BE5E-6AC0740BBAF7}.Debug|x86.ActiveCfg = Debug|Any CPU
		{957EABC7-313F-43D1-BE5E-6AC0740BBAF7}.Debug|x86.Build.0 = Debug|Any CPU
		{957EABC7-313F-43D1-BE5E-6AC0740BBAF7}.Release|Any CPU.ActiveCfg = Release|Any CPU
		{957EABC7-313F-43D1-BE5E-6AC0740BBAF7}.Release|Any CPU.Build.0 = Release|Any CPU
		{957EABC7-313F-43D1-BE5E-6AC0740BBAF7}.Release|x64.ActiveCfg = Release|Any CPU
		{957EABC7-313F-43D1-BE5E-6AC0740BBAF7}.Release|x64.Build.0 = Release|Any CPU
		{957EABC7-313F-43D1-BE5E-6AC0740BBAF7}.Release|x86.ActiveCfg = Release|Any CPU
		{957EABC7-313F-43D1-BE5E-6AC0740BBAF7}.Release|x86.Build.0 = Release|Any CPU
		{C1DA9F50-1DAB-4248-8D3C-F6E537260F6D}.Debug|Any CPU.ActiveCfg = Debug|Any CPU
		{C1DA9F50-1DAB-4248-8D3C-F6E537260F6D}.Debug|Any CPU.Build.0 = Debug|Any CPU
		{C1DA9F50-1DAB-4248-8D3C-F6E537260F6D}.Debug|x64.ActiveCfg = Debug|Any CPU
		{C1DA9F50-1DAB-4248-8D3C-F6E537260F6D}.Debug|x64.Build.0 = Debug|Any CPU
		{C1DA9F50-1DAB-4248-8D3C-F6E537260F6D}.Debug|x86.ActiveCfg = Debug|Any CPU
		{C1DA9F50-1DAB-4248-8D3C-F6E537260F6D}.Debug|x86.Build.0 = Debug|Any CPU
		{C1DA9F50-1DAB-4248-8D3C-F6E537260F6D}.Release|Any CPU.ActiveCfg = Release|Any CPU
		{C1DA9F50-1DAB-4248-8D3C-F6E537260F6D}.Release|Any CPU.Build.0 = Release|Any CPU
		{C1DA9F50-1DAB-4248-8D3C-F6E537260F6D}.Release|x64.ActiveCfg = Release|Any CPU
		{C1DA9F50-1DAB-4248-8D3C-F6E537260F6D}.Release|x64.Build.0 = Release|Any CPU
		{C1DA9F50-1DAB-4248-8D3C-F6E537260F6D}.Release|x86.ActiveCfg = Release|Any CPU
		{C1DA9F50-1DAB-4248-8D3C-F6E537260F6D}.Release|x86.Build.0 = Release|Any CPU
		{72447175-53D4-4D65-B758-51AA26CA661C}.Debug|Any CPU.ActiveCfg = Debug|Any CPU
		{72447175-53D4-4D65-B758-51AA26CA661C}.Debug|Any CPU.Build.0 = Debug|Any CPU
		{72447175-53D4-4D65-B758-51AA26CA661C}.Debug|x64.ActiveCfg = Debug|Any CPU
		{72447175-53D4-4D65-B758-51AA26CA661C}.Debug|x64.Build.0 = Debug|Any CPU
		{72447175-53D4-4D65-B758-51AA26CA661C}.Debug|x86.ActiveCfg = Debug|Any CPU
		{72447175-53D4-4D65-B758-51AA26CA661C}.Debug|x86.Build.0 = Debug|Any CPU
		{72447175-53D4-4D65-B758-51AA26CA661C}.Release|Any CPU.ActiveCfg = Release|Any CPU
		{72447175-53D4-4D65-B758-51AA26CA661C}.Release|Any CPU.Build.0 = Release|Any CPU
		{72447175-53D4-4D65-B758-51AA26CA661C}.Release|x64.ActiveCfg = Release|Any CPU
		{72447175-53D4-4D65-B758-51AA26CA661C}.Release|x64.Build.0 = Release|Any CPU
		{72447175-53D4-4D65-B758-51AA26CA661C}.Release|x86.ActiveCfg = Release|Any CPU
		{72447175-53D4-4D65-B758-51AA26CA661C}.Release|x86.Build.0 = Release|Any CPU
		{D55E9677-B576-4842-A39E-B37F7460B6BA}.Debug|Any CPU.ActiveCfg = Debug|Any CPU
		{D55E9677-B576-4842-A39E-B37F7460B6BA}.Debug|Any CPU.Build.0 = Debug|Any CPU
		{D55E9677-B576-4842-A39E-B37F7460B6BA}.Debug|x64.ActiveCfg = Debug|Any CPU
		{D55E9677-B576-4842-A39E-B37F7460B6BA}.Debug|x64.Build.0 = Debug|Any CPU
		{D55E9677-B576-4842-A39E-B37F7460B6BA}.Debug|x86.ActiveCfg = Debug|Any CPU
		{D55E9677-B576-4842-A39E-B37F7460B6BA}.Debug|x86.Build.0 = Debug|Any CPU
		{D55E9677-B576-4842-A39E-B37F7460B6BA}.Release|Any CPU.ActiveCfg = Release|Any CPU
		{D55E9677-B576-4842-A39E-B37F7460B6BA}.Release|Any CPU.Build.0 = Release|Any CPU
		{D55E9677-B576-4842-A39E-B37F7460B6BA}.Release|x64.ActiveCfg = Release|Any CPU
		{D55E9677-B576-4842-A39E-B37F7460B6BA}.Release|x64.Build.0 = Release|Any CPU
		{D55E9677-B576-4842-A39E-B37F7460B6BA}.Release|x86.ActiveCfg = Release|Any CPU
		{D55E9677-B576-4842-A39E-B37F7460B6BA}.Release|x86.Build.0 = Release|Any CPU
		{AF7CC7B0-B171-4564-8357-2BDC215E69DF}.Debug|Any CPU.ActiveCfg = Debug|Any CPU
		{AF7CC7B0-B171-4564-8357-2BDC215E69DF}.Debug|Any CPU.Build.0 = Debug|Any CPU
		{AF7CC7B0-B171-4564-8357-2BDC215E69DF}.Debug|x64.ActiveCfg = Debug|Any CPU
		{AF7CC7B0-B171-4564-8357-2BDC215E69DF}.Debug|x64.Build.0 = Debug|Any CPU
		{AF7CC7B0-B171-4564-8357-2BDC215E69DF}.Debug|x86.ActiveCfg = Debug|Any CPU
		{AF7CC7B0-B171-4564-8357-2BDC215E69DF}.Debug|x86.Build.0 = Debug|Any CPU
		{AF7CC7B0-B171-4564-8357-2BDC215E69DF}.Release|Any CPU.ActiveCfg = Release|Any CPU
		{AF7CC7B0-B171-4564-8357-2BDC215E69DF}.Release|Any CPU.Build.0 = Release|Any CPU
		{AF7CC7B0-B171-4564-8357-2BDC215E69DF}.Release|x64.ActiveCfg = Release|Any CPU
		{AF7CC7B0-B171-4564-8357-2BDC215E69DF}.Release|x64.Build.0 = Release|Any CPU
		{AF7CC7B0-B171-4564-8357-2BDC215E69DF}.Release|x86.ActiveCfg = Release|Any CPU
		{AF7CC7B0-B171-4564-8357-2BDC215E69DF}.Release|x86.Build.0 = Release|Any CPU
		{7AA1F86F-020F-4DB2-88BD-E8DD6F0167E7}.Debug|Any CPU.ActiveCfg = Debug|Any CPU
		{7AA1F86F-020F-4DB2-88BD-E8DD6F0167E7}.Debug|Any CPU.Build.0 = Debug|Any CPU
		{7AA1F86F-020F-4DB2-88BD-E8DD6F0167E7}.Debug|x64.ActiveCfg = Debug|Any CPU
		{7AA1F86F-020F-4DB2-88BD-E8DD6F0167E7}.Debug|x64.Build.0 = Debug|Any CPU
		{7AA1F86F-020F-4DB2-88BD-E8DD6F0167E7}.Debug|x86.ActiveCfg = Debug|Any CPU
		{7AA1F86F-020F-4DB2-88BD-E8DD6F0167E7}.Debug|x86.Build.0 = Debug|Any CPU
		{7AA1F86F-020F-4DB2-88BD-E8DD6F0167E7}.Release|Any CPU.ActiveCfg = Release|Any CPU
		{7AA1F86F-020F-4DB2-88BD-E8DD6F0167E7}.Release|Any CPU.Build.0 = Release|Any CPU
		{7AA1F86F-020F-4DB2-88BD-E8DD6F0167E7}.Release|x64.ActiveCfg = Release|Any CPU
		{7AA1F86F-020F-4DB2-88BD-E8DD6F0167E7}.Release|x64.Build.0 = Release|Any CPU
		{7AA1F86F-020F-4DB2-88BD-E8DD6F0167E7}.Release|x86.ActiveCfg = Release|Any CPU
		{7AA1F86F-020F-4DB2-88BD-E8DD6F0167E7}.Release|x86.Build.0 = Release|Any CPU
		{D961FCE9-169B-4E9E-8216-EFC2118A5987}.Debug|Any CPU.ActiveCfg = Debug|Any CPU
		{D961FCE9-169B-4E9E-8216-EFC2118A5987}.Debug|Any CPU.Build.0 = Debug|Any CPU
		{D961FCE9-169B-4E9E-8216-EFC2118A5987}.Debug|x64.ActiveCfg = Debug|Any CPU
		{D961FCE9-169B-4E9E-8216-EFC2118A5987}.Debug|x64.Build.0 = Debug|Any CPU
		{D961FCE9-169B-4E9E-8216-EFC2118A5987}.Debug|x86.ActiveCfg = Debug|Any CPU
		{D961FCE9-169B-4E9E-8216-EFC2118A5987}.Debug|x86.Build.0 = Debug|Any CPU
		{D961FCE9-169B-4E9E-8216-EFC2118A5987}.Release|Any CPU.ActiveCfg = Release|Any CPU
		{D961FCE9-169B-4E9E-8216-EFC2118A5987}.Release|Any CPU.Build.0 = Release|Any CPU
		{D961FCE9-169B-4E9E-8216-EFC2118A5987}.Release|x64.ActiveCfg = Release|Any CPU
		{D961FCE9-169B-4E9E-8216-EFC2118A5987}.Release|x64.Build.0 = Release|Any CPU
		{D961FCE9-169B-4E9E-8216-EFC2118A5987}.Release|x86.ActiveCfg = Release|Any CPU
		{D961FCE9-169B-4E9E-8216-EFC2118A5987}.Release|x86.Build.0 = Release|Any CPU
		{ECFD5385-B3D8-440B-984E-A625EAB20F78}.Debug|Any CPU.ActiveCfg = Debug|Any CPU
		{ECFD5385-B3D8-440B-984E-A625EAB20F78}.Debug|Any CPU.Build.0 = Debug|Any CPU
		{ECFD5385-B3D8-440B-984E-A625EAB20F78}.Debug|x64.ActiveCfg = Debug|Any CPU
		{ECFD5385-B3D8-440B-984E-A625EAB20F78}.Debug|x64.Build.0 = Debug|Any CPU
		{ECFD5385-B3D8-440B-984E-A625EAB20F78}.Debug|x86.ActiveCfg = Debug|Any CPU
		{ECFD5385-B3D8-440B-984E-A625EAB20F78}.Debug|x86.Build.0 = Debug|Any CPU
		{ECFD5385-B3D8-440B-984E-A625EAB20F78}.Release|Any CPU.ActiveCfg = Release|Any CPU
		{ECFD5385-B3D8-440B-984E-A625EAB20F78}.Release|Any CPU.Build.0 = Release|Any CPU
		{ECFD5385-B3D8-440B-984E-A625EAB20F78}.Release|x64.ActiveCfg = Release|Any CPU
		{ECFD5385-B3D8-440B-984E-A625EAB20F78}.Release|x64.Build.0 = Release|Any CPU
		{ECFD5385-B3D8-440B-984E-A625EAB20F78}.Release|x86.ActiveCfg = Release|Any CPU
		{ECFD5385-B3D8-440B-984E-A625EAB20F78}.Release|x86.Build.0 = Release|Any CPU
		{A59C6610-8121-4EEF-BA5A-2939CD026F29}.Debug|Any CPU.ActiveCfg = Debug|Any CPU
		{A59C6610-8121-4EEF-BA5A-2939CD026F29}.Debug|Any CPU.Build.0 = Debug|Any CPU
		{A59C6610-8121-4EEF-BA5A-2939CD026F29}.Debug|x64.ActiveCfg = Debug|Any CPU
		{A59C6610-8121-4EEF-BA5A-2939CD026F29}.Debug|x64.Build.0 = Debug|Any CPU
		{A59C6610-8121-4EEF-BA5A-2939CD026F29}.Debug|x86.ActiveCfg = Debug|Any CPU
		{A59C6610-8121-4EEF-BA5A-2939CD026F29}.Debug|x86.Build.0 = Debug|Any CPU
		{A59C6610-8121-4EEF-BA5A-2939CD026F29}.Release|Any CPU.ActiveCfg = Release|Any CPU
		{A59C6610-8121-4EEF-BA5A-2939CD026F29}.Release|Any CPU.Build.0 = Release|Any CPU
		{A59C6610-8121-4EEF-BA5A-2939CD026F29}.Release|x64.ActiveCfg = Release|Any CPU
		{A59C6610-8121-4EEF-BA5A-2939CD026F29}.Release|x64.Build.0 = Release|Any CPU
		{A59C6610-8121-4EEF-BA5A-2939CD026F29}.Release|x86.ActiveCfg = Release|Any CPU
		{A59C6610-8121-4EEF-BA5A-2939CD026F29}.Release|x86.Build.0 = Release|Any CPU
		{D4FDC310-6A4C-4447-918E-FCFFF98EFDE3}.Debug|Any CPU.ActiveCfg = Debug|Any CPU
		{D4FDC310-6A4C-4447-918E-FCFFF98EFDE3}.Debug|Any CPU.Build.0 = Debug|Any CPU
		{D4FDC310-6A4C-4447-918E-FCFFF98EFDE3}.Debug|x64.ActiveCfg = Debug|Any CPU
		{D4FDC310-6A4C-4447-918E-FCFFF98EFDE3}.Debug|x64.Build.0 = Debug|Any CPU
		{D4FDC310-6A4C-4447-918E-FCFFF98EFDE3}.Debug|x86.ActiveCfg = Debug|Any CPU
		{D4FDC310-6A4C-4447-918E-FCFFF98EFDE3}.Debug|x86.Build.0 = Debug|Any CPU
		{D4FDC310-6A4C-4447-918E-FCFFF98EFDE3}.Release|Any CPU.ActiveCfg = Release|Any CPU
		{D4FDC310-6A4C-4447-918E-FCFFF98EFDE3}.Release|Any CPU.Build.0 = Release|Any CPU
		{D4FDC310-6A4C-4447-918E-FCFFF98EFDE3}.Release|x64.ActiveCfg = Release|Any CPU
		{D4FDC310-6A4C-4447-918E-FCFFF98EFDE3}.Release|x64.Build.0 = Release|Any CPU
		{D4FDC310-6A4C-4447-918E-FCFFF98EFDE3}.Release|x86.ActiveCfg = Release|Any CPU
		{D4FDC310-6A4C-4447-918E-FCFFF98EFDE3}.Release|x86.Build.0 = Release|Any CPU
		{4DA3BE5B-CDB6-4751-9D3A-014B30490EC7}.Debug|Any CPU.ActiveCfg = Debug|Any CPU
		{4DA3BE5B-CDB6-4751-9D3A-014B30490EC7}.Debug|Any CPU.Build.0 = Debug|Any CPU
		{4DA3BE5B-CDB6-4751-9D3A-014B30490EC7}.Debug|x64.ActiveCfg = Debug|Any CPU
		{4DA3BE5B-CDB6-4751-9D3A-014B30490EC7}.Debug|x64.Build.0 = Debug|Any CPU
		{4DA3BE5B-CDB6-4751-9D3A-014B30490EC7}.Debug|x86.ActiveCfg = Debug|Any CPU
		{4DA3BE5B-CDB6-4751-9D3A-014B30490EC7}.Debug|x86.Build.0 = Debug|Any CPU
		{4DA3BE5B-CDB6-4751-9D3A-014B30490EC7}.Release|Any CPU.ActiveCfg = Release|Any CPU
		{4DA3BE5B-CDB6-4751-9D3A-014B30490EC7}.Release|Any CPU.Build.0 = Release|Any CPU
		{4DA3BE5B-CDB6-4751-9D3A-014B30490EC7}.Release|x64.ActiveCfg = Release|Any CPU
		{4DA3BE5B-CDB6-4751-9D3A-014B30490EC7}.Release|x64.Build.0 = Release|Any CPU
		{4DA3BE5B-CDB6-4751-9D3A-014B30490EC7}.Release|x86.ActiveCfg = Release|Any CPU
		{4DA3BE5B-CDB6-4751-9D3A-014B30490EC7}.Release|x86.Build.0 = Release|Any CPU
		{13908F06-68E2-4055-AADF-4D44E34439B8}.Debug|Any CPU.ActiveCfg = Debug|Any CPU
		{13908F06-68E2-4055-AADF-4D44E34439B8}.Debug|Any CPU.Build.0 = Debug|Any CPU
		{13908F06-68E2-4055-AADF-4D44E34439B8}.Debug|x64.ActiveCfg = Debug|Any CPU
		{13908F06-68E2-4055-AADF-4D44E34439B8}.Debug|x64.Build.0 = Debug|Any CPU
		{13908F06-68E2-4055-AADF-4D44E34439B8}.Debug|x86.ActiveCfg = Debug|Any CPU
		{13908F06-68E2-4055-AADF-4D44E34439B8}.Debug|x86.Build.0 = Debug|Any CPU
		{13908F06-68E2-4055-AADF-4D44E34439B8}.Release|Any CPU.ActiveCfg = Release|Any CPU
		{13908F06-68E2-4055-AADF-4D44E34439B8}.Release|Any CPU.Build.0 = Release|Any CPU
		{13908F06-68E2-4055-AADF-4D44E34439B8}.Release|x64.ActiveCfg = Release|Any CPU
		{13908F06-68E2-4055-AADF-4D44E34439B8}.Release|x64.Build.0 = Release|Any CPU
		{13908F06-68E2-4055-AADF-4D44E34439B8}.Release|x86.ActiveCfg = Release|Any CPU
		{13908F06-68E2-4055-AADF-4D44E34439B8}.Release|x86.Build.0 = Release|Any CPU
		{81DDED9D-158B-E303-5F62-77A2896D2A5A}.Debug|Any CPU.ActiveCfg = Debug|Any CPU
		{81DDED9D-158B-E303-5F62-77A2896D2A5A}.Debug|Any CPU.Build.0 = Debug|Any CPU
		{81DDED9D-158B-E303-5F62-77A2896D2A5A}.Debug|x64.ActiveCfg = Debug|Any CPU
		{81DDED9D-158B-E303-5F62-77A2896D2A5A}.Debug|x64.Build.0 = Debug|Any CPU
		{81DDED9D-158B-E303-5F62-77A2896D2A5A}.Debug|x86.ActiveCfg = Debug|Any CPU
		{81DDED9D-158B-E303-5F62-77A2896D2A5A}.Debug|x86.Build.0 = Debug|Any CPU
		{81DDED9D-158B-E303-5F62-77A2896D2A5A}.Release|Any CPU.ActiveCfg = Release|Any CPU
		{81DDED9D-158B-E303-5F62-77A2896D2A5A}.Release|Any CPU.Build.0 = Release|Any CPU
		{81DDED9D-158B-E303-5F62-77A2896D2A5A}.Release|x64.ActiveCfg = Release|Any CPU
		{81DDED9D-158B-E303-5F62-77A2896D2A5A}.Release|x64.Build.0 = Release|Any CPU
		{81DDED9D-158B-E303-5F62-77A2896D2A5A}.Release|x86.ActiveCfg = Release|Any CPU
		{81DDED9D-158B-E303-5F62-77A2896D2A5A}.Release|x86.Build.0 = Release|Any CPU
	EndGlobalSection
	GlobalSection(SolutionProperties) = preSolution
		HideSolutionNode = FALSE
	EndGlobalSection
	GlobalSection(NestedProjects) = preSolution
		{7A1E6761-890D-4398-912D-DF1D19D43D88} = {02EA681E-C7D8-13C7-8484-4AC65E1B71E8}
		{76266329-3D7D-4CEA-8FE7-B98C1288A8FD} = {02EA681E-C7D8-13C7-8484-4AC65E1B71E8}
		{F50CCB25-572C-4575-A1ED-CB39B911F3FE} = {02EA681E-C7D8-13C7-8484-4AC65E1B71E8}
		{D8FE47AD-0524-4A92-A59B-91751412AE73} = {02EA681E-C7D8-13C7-8484-4AC65E1B71E8}
		{4505E45C-7F38-48EC-9F17-835793B18149} = {7A1E6761-890D-4398-912D-DF1D19D43D88}
		{465B22BD-EB42-4121-AE81-3D085D80D07C} = {76266329-3D7D-4CEA-8FE7-B98C1288A8FD}
		{BF7E97C6-9B8C-4611-9791-506EE80E6FAD} = {76266329-3D7D-4CEA-8FE7-B98C1288A8FD}
		{757E8C9F-7395-4463-B233-322A94036E86} = {76266329-3D7D-4CEA-8FE7-B98C1288A8FD}
		{8A5AC1AC-6560-4DB7-BC1C-19B0210363A4} = {76266329-3D7D-4CEA-8FE7-B98C1288A8FD}
		{E2F4767E-E026-495C-800A-54ADE26BFC9A} = {D8FE47AD-0524-4A92-A59B-91751412AE73}
		{CA2CBB9D-E875-984E-979C-81A7386F1CAE} = {F50CCB25-572C-4575-A1ED-CB39B911F3FE}
		{EF93F2E2-875E-48D4-9645-5EBFD88AF226} = {CA2CBB9D-E875-984E-979C-81A7386F1CAE}
		{5917E281-6624-44F5-AF26-1FC9FEB40DC5} = {CA2CBB9D-E875-984E-979C-81A7386F1CAE}
		{A45EEE40-E103-458D-B353-53F17C93BFA2} = {CA2CBB9D-E875-984E-979C-81A7386F1CAE}
		{86025050-E06F-4102-A2DB-2B70EED30256} = {CA2CBB9D-E875-984E-979C-81A7386F1CAE}
		{576D1A02-8B64-A460-4AAA-7573A146D8F2} = {F50CCB25-572C-4575-A1ED-CB39B911F3FE}
		{F2ED21B7-82FD-44D3-9D24-465452219305} = {576D1A02-8B64-A460-4AAA-7573A146D8F2}
		{53136B2B-CD27-4A00-8540-99F246E88575} = {576D1A02-8B64-A460-4AAA-7573A146D8F2}
		{AE4F5446-3D95-4BF9-9D14-ECDD3A36D8C7} = {576D1A02-8B64-A460-4AAA-7573A146D8F2}
		{0C60059F-0F57-455F-BAF2-1596C9AFFB9E} = {576D1A02-8B64-A460-4AAA-7573A146D8F2}
		{AAD69436-80B1-D4BA-E28E-12AB77712CF2} = {F50CCB25-572C-4575-A1ED-CB39B911F3FE}
		{AA7C6937-55D3-447B-B7F7-38CC05C0C633} = {AAD69436-80B1-D4BA-E28E-12AB77712CF2}
		{56694FEA-1E17-4B38-91D8-79DD901CBD93} = {AAD69436-80B1-D4BA-E28E-12AB77712CF2}
		{77E74B09-9BA7-45A0-9E58-1708573124D1} = {AAD69436-80B1-D4BA-E28E-12AB77712CF2}
		{7B148E47-4636-4E91-8BEE-BC3D1A56213A} = {AAD69436-80B1-D4BA-E28E-12AB77712CF2}
		{421E00CC-017F-2C63-408B-7B04811CFE22} = {F50CCB25-572C-4575-A1ED-CB39B911F3FE}
		{169DABCD-D78E-4DC7-BB15-6C98358153E6} = {421E00CC-017F-2C63-408B-7B04811CFE22}
		{0A252C2B-3BAC-4B3B-AC67-3A6D4127A091} = {421E00CC-017F-2C63-408B-7B04811CFE22}
		{4FE06FF7-BB9B-4FED-AEA9-2925E27C6459} = {421E00CC-017F-2C63-408B-7B04811CFE22}
		{9B19F8D3-B975-4470-A621-E6A8E0C19DF3} = {421E00CC-017F-2C63-408B-7B04811CFE22}
		{ECD0D7D1-8BCE-02B4-A2CC-3F8FEA76BD85} = {F50CCB25-572C-4575-A1ED-CB39B911F3FE}
		{85CA128D-6400-4DB5-AA98-37DEF418E85E} = {ECD0D7D1-8BCE-02B4-A2CC-3F8FEA76BD85}
		{25268AEE-40EA-4C6A-A73A-AD0181F0D0C2} = {ECD0D7D1-8BCE-02B4-A2CC-3F8FEA76BD85}
		{2897E33E-A3E1-4D8D-B34B-05A9D2FD0F77} = {ECD0D7D1-8BCE-02B4-A2CC-3F8FEA76BD85}
		{19712FF8-175E-418F-A512-764EEE8EF70C} = {ECD0D7D1-8BCE-02B4-A2CC-3F8FEA76BD85}
		{4821F8A2-B660-82BD-415B-33917DE557CF} = {F50CCB25-572C-4575-A1ED-CB39B911F3FE}
		{1AE22CB7-146D-4000-9CB0-BC786737FB68} = {4821F8A2-B660-82BD-415B-33917DE557CF}
		{FD698F58-CDBF-4C4F-96F2-138CB83F5B4F} = {4821F8A2-B660-82BD-415B-33917DE557CF}
		{3E667AF3-64C4-4B18-8FBE-0C93C0D8A28B} = {4821F8A2-B660-82BD-415B-33917DE557CF}
		{3E1DD333-697C-47FB-B1B5-A56FC5C0A755} = {4821F8A2-B660-82BD-415B-33917DE557CF}
		{02675891-29E1-66C1-2C2C-49545A60C612} = {F50CCB25-572C-4575-A1ED-CB39B911F3FE}
		{957EABC7-313F-43D1-BE5E-6AC0740BBAF7} = {02675891-29E1-66C1-2C2C-49545A60C612}
		{C1DA9F50-1DAB-4248-8D3C-F6E537260F6D} = {02675891-29E1-66C1-2C2C-49545A60C612}
		{72447175-53D4-4D65-B758-51AA26CA661C} = {02675891-29E1-66C1-2C2C-49545A60C612}
		{D55E9677-B576-4842-A39E-B37F7460B6BA} = {02675891-29E1-66C1-2C2C-49545A60C612}
		{C2AB2DB8-D7DE-AF2F-8F7B-2F43C47545FF} = {F50CCB25-572C-4575-A1ED-CB39B911F3FE}
		{AF7CC7B0-B171-4564-8357-2BDC215E69DF} = {C2AB2DB8-D7DE-AF2F-8F7B-2F43C47545FF}
		{7AA1F86F-020F-4DB2-88BD-E8DD6F0167E7} = {C2AB2DB8-D7DE-AF2F-8F7B-2F43C47545FF}
		{D961FCE9-169B-4E9E-8216-EFC2118A5987} = {C2AB2DB8-D7DE-AF2F-8F7B-2F43C47545FF}
		{ECFD5385-B3D8-440B-984E-A625EAB20F78} = {C2AB2DB8-D7DE-AF2F-8F7B-2F43C47545FF}
		{0F8D34EA-BCA3-8A5A-FBEC-32F8F4B139BD} = {F50CCB25-572C-4575-A1ED-CB39B911F3FE}
		{A59C6610-8121-4EEF-BA5A-2939CD026F29} = {0F8D34EA-BCA3-8A5A-FBEC-32F8F4B139BD}
		{D4FDC310-6A4C-4447-918E-FCFFF98EFDE3} = {0F8D34EA-BCA3-8A5A-FBEC-32F8F4B139BD}
		{4DA3BE5B-CDB6-4751-9D3A-014B30490EC7} = {0F8D34EA-BCA3-8A5A-FBEC-32F8F4B139BD}
		{13908F06-68E2-4055-AADF-4D44E34439B8} = {0F8D34EA-BCA3-8A5A-FBEC-32F8F4B139BD}
	EndGlobalSection
	GlobalSection(ExtensibilityGlobals) = postSolution
		SolutionGuid = {94A825EB-ECF1-4C02-9DA7-82A2377F3DAD}
	EndGlobalSection
EndGlobal
